// !$*UTF8*$!
{
	archiveVersion = 1;
	classes = {
	};
	objectVersion = 46;
	objects = {

/* Begin PBXBuildFile section */
		94C0CB3B17DAE86F002CBD10 /* Foundation.framework in Frameworks */ = {isa = PBXBuildFile; fileRef = 94C0CB3A17DAE86F002CBD10 /* Foundation.framework */; };
		94C0CB3D17DAE86F002CBD10 /* CoreGraphics.framework in Frameworks */ = {isa = PBXBuildFile; fileRef = 94C0CB3C17DAE86F002CBD10 /* CoreGraphics.framework */; };
		94C0CB3F17DAE86F002CBD10 /* UIKit.framework in Frameworks */ = {isa = PBXBuildFile; fileRef = 94C0CB3E17DAE86F002CBD10 /* UIKit.framework */; };
		94C0CB4517DAE86F002CBD10 /* InfoPlist.strings in Resources */ = {isa = PBXBuildFile; fileRef = 94C0CB4317DAE86F002CBD10 /* InfoPlist.strings */; };
		94C0CB4717DAE86F002CBD10 /* main.m in Sources */ = {isa = PBXBuildFile; fileRef = 94C0CB4617DAE86F002CBD10 /* main.m */; };
		94C0CB4B17DAE86F002CBD10 /* AppDelegate.m in Sources */ = {isa = PBXBuildFile; fileRef = 94C0CB4A17DAE86F002CBD10 /* AppDelegate.m */; };
		94C0CB4D17DAE86F002CBD10 /* Images.xcassets in Resources */ = {isa = PBXBuildFile; fileRef = 94C0CB4C17DAE86F002CBD10 /* Images.xcassets */; };
		94C0CB5417DAE86F002CBD10 /* XCTest.framework in Frameworks */ = {isa = PBXBuildFile; fileRef = 94C0CB5317DAE86F002CBD10 /* XCTest.framework */; };
		94C0CB5517DAE86F002CBD10 /* Foundation.framework in Frameworks */ = {isa = PBXBuildFile; fileRef = 94C0CB3A17DAE86F002CBD10 /* Foundation.framework */; };
		94C0CB5617DAE870002CBD10 /* UIKit.framework in Frameworks */ = {isa = PBXBuildFile; fileRef = 94C0CB3E17DAE86F002CBD10 /* UIKit.framework */; };
		94C0CB5E17DAE870002CBD10 /* InfoPlist.strings in Resources */ = {isa = PBXBuildFile; fileRef = 94C0CB5C17DAE870002CBD10 /* InfoPlist.strings */; };
		94C0CB6017DAE870002CBD10 /* UIActionSheetBlocksTests.m in Sources */ = {isa = PBXBuildFile; fileRef = 94C0CB5F17DAE870002CBD10 /* UIActionSheetBlocksTests.m */; };
		94EFA94717DAE8CF0051BA3B /* UIActionSheet+Blocks.m in Sources */ = {isa = PBXBuildFile; fileRef = 94EFA94617DAE8CF0051BA3B /* UIActionSheet+Blocks.m */; };
		94EFA94817DAE8CF0051BA3B /* UIActionSheet+Blocks.m in Sources */ = {isa = PBXBuildFile; fileRef = 94EFA94617DAE8CF0051BA3B /* UIActionSheet+Blocks.m */; };
		94EFA94C17DAEA010051BA3B /* TestActionSheetViewController.m in Sources */ = {isa = PBXBuildFile; fileRef = 94EFA94A17DAEA010051BA3B /* TestActionSheetViewController.m */; };
		94EFA94D17DAEA010051BA3B /* TestActionSheetViewController.xib in Resources */ = {isa = PBXBuildFile; fileRef = 94EFA94B17DAEA010051BA3B /* TestActionSheetViewController.xib */; };
/* End PBXBuildFile section */

/* Begin PBXContainerItemProxy section */
		94C0CB5717DAE870002CBD10 /* PBXContainerItemProxy */ = {
			isa = PBXContainerItemProxy;
			containerPortal = 94C0CB2F17DAE86F002CBD10 /* Project object */;
			proxyType = 1;
			remoteGlobalIDString = 94C0CB3617DAE86F002CBD10;
			remoteInfo = UIActionSheetBlocks;
		};
/* End PBXContainerItemProxy section */

/* Begin PBXFileReference section */
		94C0CB3717DAE86F002CBD10 /* UIActionSheetBlocks.app */ = {isa = PBXFileReference; explicitFileType = wrapper.application; includeInIndex = 0; path = UIActionSheetBlocks.app; sourceTree = BUILT_PRODUCTS_DIR; };
		94C0CB3A17DAE86F002CBD10 /* Foundation.framework */ = {isa = PBXFileReference; lastKnownFileType = wrapper.framework; name = Foundation.framework; path = System/Library/Frameworks/Foundation.framework; sourceTree = SDKROOT; };
		94C0CB3C17DAE86F002CBD10 /* CoreGraphics.framework */ = {isa = PBXFileReference; lastKnownFileType = wrapper.framework; name = CoreGraphics.framework; path = System/Library/Frameworks/CoreGraphics.framework; sourceTree = SDKROOT; };
		94C0CB3E17DAE86F002CBD10 /* UIKit.framework */ = {isa = PBXFileReference; lastKnownFileType = wrapper.framework; name = UIKit.framework; path = System/Library/Frameworks/UIKit.framework; sourceTree = SDKROOT; };
		94C0CB4217DAE86F002CBD10 /* UIActionSheetBlocks-Info.plist */ = {isa = PBXFileReference; lastKnownFileType = text.plist.xml; path = "UIActionSheetBlocks-Info.plist"; sourceTree = "<group>"; };
		94C0CB4417DAE86F002CBD10 /* en */ = {isa = PBXFileReference; lastKnownFileType = text.plist.strings; name = en; path = en.lproj/InfoPlist.strings; sourceTree = "<group>"; };
		94C0CB4617DAE86F002CBD10 /* main.m */ = {isa = PBXFileReference; lastKnownFileType = sourcecode.c.objc; path = main.m; sourceTree = "<group>"; };
		94C0CB4817DAE86F002CBD10 /* UIActionSheetBlocks-Prefix.pch */ = {isa = PBXFileReference; lastKnownFileType = sourcecode.c.h; path = "UIActionSheetBlocks-Prefix.pch"; sourceTree = "<group>"; };
		94C0CB4917DAE86F002CBD10 /* AppDelegate.h */ = {isa = PBXFileReference; lastKnownFileType = sourcecode.c.h; path = AppDelegate.h; sourceTree = "<group>"; };
		94C0CB4A17DAE86F002CBD10 /* AppDelegate.m */ = {isa = PBXFileReference; lastKnownFileType = sourcecode.c.objc; path = AppDelegate.m; sourceTree = "<group>"; };
		94C0CB4C17DAE86F002CBD10 /* Images.xcassets */ = {isa = PBXFileReference; lastKnownFileType = folder.assetcatalog; path = Images.xcassets; sourceTree = "<group>"; };
		94C0CB5217DAE86F002CBD10 /* UIActionSheetBlocksTests.xctest */ = {isa = PBXFileReference; explicitFileType = wrapper.cfbundle; includeInIndex = 0; path = UIActionSheetBlocksTests.xctest; sourceTree = BUILT_PRODUCTS_DIR; };
		94C0CB5317DAE86F002CBD10 /* XCTest.framework */ = {isa = PBXFileReference; lastKnownFileType = wrapper.framework; name = XCTest.framework; path = Library/Frameworks/XCTest.framework; sourceTree = DEVELOPER_DIR; };
		94C0CB5B17DAE870002CBD10 /* UIActionSheetBlocksTests-Info.plist */ = {isa = PBXFileReference; lastKnownFileType = text.plist.xml; path = "UIActionSheetBlocksTests-Info.plist"; sourceTree = "<group>"; };
		94C0CB5D17DAE870002CBD10 /* en */ = {isa = PBXFileReference; lastKnownFileType = text.plist.strings; name = en; path = en.lproj/InfoPlist.strings; sourceTree = "<group>"; };
		94C0CB5F17DAE870002CBD10 /* UIActionSheetBlocksTests.m */ = {isa = PBXFileReference; lastKnownFileType = sourcecode.c.objc; path = UIActionSheetBlocksTests.m; sourceTree = "<group>"; };
		94EFA94517DAE8CF0051BA3B /* UIActionSheet+Blocks.h */ = {isa = PBXFileReference; fileEncoding = 4; lastKnownFileType = sourcecode.c.h; name = "UIActionSheet+Blocks.h"; path = "../UIActionSheet+Blocks.h"; sourceTree = "<group>"; };
		94EFA94617DAE8CF0051BA3B /* UIActionSheet+Blocks.m */ = {isa = PBXFileReference; fileEncoding = 4; lastKnownFileType = sourcecode.c.objc; name = "UIActionSheet+Blocks.m"; path = "../UIActionSheet+Blocks.m"; sourceTree = "<group>"; };
		94EFA94917DAEA010051BA3B /* TestActionSheetViewController.h */ = {isa = PBXFileReference; fileEncoding = 4; lastKnownFileType = sourcecode.c.h; path = TestActionSheetViewController.h; sourceTree = "<group>"; };
		94EFA94A17DAEA010051BA3B /* TestActionSheetViewController.m */ = {isa = PBXFileReference; fileEncoding = 4; lastKnownFileType = sourcecode.c.objc; path = TestActionSheetViewController.m; sourceTree = "<group>"; };
		94EFA94B17DAEA010051BA3B /* TestActionSheetViewController.xib */ = {isa = PBXFileReference; fileEncoding = 4; lastKnownFileType = file.xib; path = TestActionSheetViewController.xib; sourceTree = "<group>"; };
/* End PBXFileReference section */

/* Begin PBXFrameworksBuildPhase section */
		94C0CB3417DAE86F002CBD10 /* Frameworks */ = {
			isa = PBXFrameworksBuildPhase;
			buildActionMask = 2147483647;
			files = (
				94C0CB3D17DAE86F002CBD10 /* CoreGraphics.framework in Frameworks */,
				94C0CB3F17DAE86F002CBD10 /* UIKit.framework in Frameworks */,
				94C0CB3B17DAE86F002CBD10 /* Foundation.framework in Frameworks */,
			);
			runOnlyForDeploymentPostprocessing = 0;
		};
		94C0CB4F17DAE86F002CBD10 /* Frameworks */ = {
			isa = PBXFrameworksBuildPhase;
			buildActionMask = 2147483647;
			files = (
				94C0CB5417DAE86F002CBD10 /* XCTest.framework in Frameworks */,
				94C0CB5617DAE870002CBD10 /* UIKit.framework in Frameworks */,
				94C0CB5517DAE86F002CBD10 /* Foundation.framework in Frameworks */,
			);
			runOnlyForDeploymentPostprocessing = 0;
		};
/* End PBXFrameworksBuildPhase section */

/* Begin PBXGroup section */
		94C0CB2E17DAE86F002CBD10 = {
			isa = PBXGroup;
			children = (
				94EFA94517DAE8CF0051BA3B /* UIActionSheet+Blocks.h */,
				94EFA94617DAE8CF0051BA3B /* UIActionSheet+Blocks.m */,
				94C0CB4017DAE86F002CBD10 /* UIActionSheetBlocks */,
				94C0CB5917DAE870002CBD10 /* UIActionSheetBlocksTests */,
				94C0CB3917DAE86F002CBD10 /* Frameworks */,
				94C0CB3817DAE86F002CBD10 /* Products */,
			);
			sourceTree = "<group>";
		};
		94C0CB3817DAE86F002CBD10 /* Products */ = {
			isa = PBXGroup;
			children = (
				94C0CB3717DAE86F002CBD10 /* UIActionSheetBlocks.app */,
				94C0CB5217DAE86F002CBD10 /* UIActionSheetBlocksTests.xctest */,
			);
			name = Products;
			sourceTree = "<group>";
		};
		94C0CB3917DAE86F002CBD10 /* Frameworks */ = {
			isa = PBXGroup;
			children = (
				94C0CB3A17DAE86F002CBD10 /* Foundation.framework */,
				94C0CB3C17DAE86F002CBD10 /* CoreGraphics.framework */,
				94C0CB3E17DAE86F002CBD10 /* UIKit.framework */,
				94C0CB5317DAE86F002CBD10 /* XCTest.framework */,
			);
			name = Frameworks;
			sourceTree = "<group>";
		};
		94C0CB4017DAE86F002CBD10 /* UIActionSheetBlocks */ = {
			isa = PBXGroup;
			children = (
				94EFA94917DAEA010051BA3B /* TestActionSheetViewController.h */,
				94EFA94A17DAEA010051BA3B /* TestActionSheetViewController.m */,
				94EFA94B17DAEA010051BA3B /* TestActionSheetViewController.xib */,
				94C0CB4917DAE86F002CBD10 /* AppDelegate.h */,
				94C0CB4A17DAE86F002CBD10 /* AppDelegate.m */,
				94C0CB4C17DAE86F002CBD10 /* Images.xcassets */,
				94C0CB4117DAE86F002CBD10 /* Supporting Files */,
			);
			path = UIActionSheetBlocks;
			sourceTree = "<group>";
		};
		94C0CB4117DAE86F002CBD10 /* Supporting Files */ = {
			isa = PBXGroup;
			children = (
				94C0CB4217DAE86F002CBD10 /* UIActionSheetBlocks-Info.plist */,
				94C0CB4317DAE86F002CBD10 /* InfoPlist.strings */,
				94C0CB4617DAE86F002CBD10 /* main.m */,
				94C0CB4817DAE86F002CBD10 /* UIActionSheetBlocks-Prefix.pch */,
			);
			name = "Supporting Files";
			sourceTree = "<group>";
		};
		94C0CB5917DAE870002CBD10 /* UIActionSheetBlocksTests */ = {
			isa = PBXGroup;
			children = (
				94C0CB5F17DAE870002CBD10 /* UIActionSheetBlocksTests.m */,
				94C0CB5A17DAE870002CBD10 /* Supporting Files */,
			);
			path = UIActionSheetBlocksTests;
			sourceTree = "<group>";
		};
		94C0CB5A17DAE870002CBD10 /* Supporting Files */ = {
			isa = PBXGroup;
			children = (
				94C0CB5B17DAE870002CBD10 /* UIActionSheetBlocksTests-Info.plist */,
				94C0CB5C17DAE870002CBD10 /* InfoPlist.strings */,
			);
			name = "Supporting Files";
			sourceTree = "<group>";
		};
/* End PBXGroup section */

/* Begin PBXNativeTarget section */
		94C0CB3617DAE86F002CBD10 /* UIActionSheetBlocks */ = {
			isa = PBXNativeTarget;
			buildConfigurationList = 94C0CB6317DAE870002CBD10 /* Build configuration list for PBXNativeTarget "UIActionSheetBlocks" */;
			buildPhases = (
				94C0CB3317DAE86F002CBD10 /* Sources */,
				94C0CB3417DAE86F002CBD10 /* Frameworks */,
				94C0CB3517DAE86F002CBD10 /* Resources */,
			);
			buildRules = (
			);
			dependencies = (
			);
			name = UIActionSheetBlocks;
			productName = UIActionSheetBlocks;
			productReference = 94C0CB3717DAE86F002CBD10 /* UIActionSheetBlocks.app */;
			productType = "com.apple.product-type.application";
		};
		94C0CB5117DAE86F002CBD10 /* UIActionSheetBlocksTests */ = {
			isa = PBXNativeTarget;
			buildConfigurationList = 94C0CB6617DAE870002CBD10 /* Build configuration list for PBXNativeTarget "UIActionSheetBlocksTests" */;
			buildPhases = (
				94C0CB4E17DAE86F002CBD10 /* Sources */,
				94C0CB4F17DAE86F002CBD10 /* Frameworks */,
				94C0CB5017DAE86F002CBD10 /* Resources */,
			);
			buildRules = (
			);
			dependencies = (
				94C0CB5817DAE870002CBD10 /* PBXTargetDependency */,
			);
			name = UIActionSheetBlocksTests;
			productName = UIActionSheetBlocksTests;
			productReference = 94C0CB5217DAE86F002CBD10 /* UIActionSheetBlocksTests.xctest */;
			productType = "com.apple.product-type.bundle.unit-test";
		};
/* End PBXNativeTarget section */

/* Begin PBXProject section */
		94C0CB2F17DAE86F002CBD10 /* Project object */ = {
			isa = PBXProject;
			attributes = {
				LastUpgradeCheck = 0500;
				ORGANIZATIONNAME = "Ryan Maxwell";
				TargetAttributes = {
					94C0CB5117DAE86F002CBD10 = {
						TestTargetID = 94C0CB3617DAE86F002CBD10;
					};
				};
			};
			buildConfigurationList = 94C0CB3217DAE86F002CBD10 /* Build configuration list for PBXProject "UIActionSheetBlocks" */;
			compatibilityVersion = "Xcode 3.2";
			developmentRegion = English;
			hasScannedForEncodings = 0;
			knownRegions = (
				en,
			);
			mainGroup = 94C0CB2E17DAE86F002CBD10;
			productRefGroup = 94C0CB3817DAE86F002CBD10 /* Products */;
			projectDirPath = "";
			projectRoot = "";
			targets = (
				94C0CB3617DAE86F002CBD10 /* UIActionSheetBlocks */,
				94C0CB5117DAE86F002CBD10 /* UIActionSheetBlocksTests */,
			);
		};
/* End PBXProject section */

/* Begin PBXResourcesBuildPhase section */
		94C0CB3517DAE86F002CBD10 /* Resources */ = {
			isa = PBXResourcesBuildPhase;
			buildActionMask = 2147483647;
			files = (
				94C0CB4517DAE86F002CBD10 /* InfoPlist.strings in Resources */,
				94EFA94D17DAEA010051BA3B /* TestActionSheetViewController.xib in Resources */,
				94C0CB4D17DAE86F002CBD10 /* Images.xcassets in Resources */,
			);
			runOnlyForDeploymentPostprocessing = 0;
		};
		94C0CB5017DAE86F002CBD10 /* Resources */ = {
			isa = PBXResourcesBuildPhase;
			buildActionMask = 2147483647;
			files = (
				94C0CB5E17DAE870002CBD10 /* InfoPlist.strings in Resources */,
			);
			runOnlyForDeploymentPostprocessing = 0;
		};
/* End PBXResourcesBuildPhase section */

/* Begin PBXSourcesBuildPhase section */
		94C0CB3317DAE86F002CBD10 /* Sources */ = {
			isa = PBXSourcesBuildPhase;
			buildActionMask = 2147483647;
			files = (
				94EFA94C17DAEA010051BA3B /* TestActionSheetViewController.m in Sources */,
				94C0CB4B17DAE86F002CBD10 /* AppDelegate.m in Sources */,
				94EFA94717DAE8CF0051BA3B /* UIActionSheet+Blocks.m in Sources */,
				94C0CB4717DAE86F002CBD10 /* main.m in Sources */,
			);
			runOnlyForDeploymentPostprocessing = 0;
		};
		94C0CB4E17DAE86F002CBD10 /* Sources */ = {
			isa = PBXSourcesBuildPhase;
			buildActionMask = 2147483647;
			files = (
				94C0CB6017DAE870002CBD10 /* UIActionSheetBlocksTests.m in Sources */,
				94EFA94817DAE8CF0051BA3B /* UIActionSheet+Blocks.m in Sources */,
			);
			runOnlyForDeploymentPostprocessing = 0;
		};
/* End PBXSourcesBuildPhase section */

/* Begin PBXTargetDependency section */
		94C0CB5817DAE870002CBD10 /* PBXTargetDependency */ = {
			isa = PBXTargetDependency;
			target = 94C0CB3617DAE86F002CBD10 /* UIActionSheetBlocks */;
			targetProxy = 94C0CB5717DAE870002CBD10 /* PBXContainerItemProxy */;
		};
/* End PBXTargetDependency section */

/* Begin PBXVariantGroup section */
		94C0CB4317DAE86F002CBD10 /* InfoPlist.strings */ = {
			isa = PBXVariantGroup;
			children = (
				94C0CB4417DAE86F002CBD10 /* en */,
			);
			name = InfoPlist.strings;
			sourceTree = "<group>";
		};
		94C0CB5C17DAE870002CBD10 /* InfoPlist.strings */ = {
			isa = PBXVariantGroup;
			children = (
				94C0CB5D17DAE870002CBD10 /* en */,
			);
			name = InfoPlist.strings;
			sourceTree = "<group>";
		};
/* End PBXVariantGroup section */

/* Begin XCBuildConfiguration section */
		94C0CB6117DAE870002CBD10 /* Debug */ = {
			isa = XCBuildConfiguration;
			buildSettings = {
				ALWAYS_SEARCH_USER_PATHS = NO;
				CLANG_CXX_LANGUAGE_STANDARD = "gnu++0x";
				CLANG_CXX_LIBRARY = "libc++";
				CLANG_ENABLE_MODULES = YES;
				CLANG_ENABLE_OBJC_ARC = YES;
				CLANG_WARN_BOOL_CONVERSION = YES;
				CLANG_WARN_CONSTANT_CONVERSION = YES;
				CLANG_WARN_DIRECT_OBJC_ISA_USAGE = YES_ERROR;
				CLANG_WARN_EMPTY_BODY = YES;
				CLANG_WARN_ENUM_CONVERSION = YES;
				CLANG_WARN_INT_CONVERSION = YES;
				CLANG_WARN_OBJC_ROOT_CLASS = YES_ERROR;
				CLANG_WARN__DUPLICATE_METHOD_MATCH = YES;
				"CODE_SIGN_IDENTITY[sdk=iphoneos*]" = "iPhone Developer";
				COPY_PHASE_STRIP = NO;
				GCC_C_LANGUAGE_STANDARD = gnu99;
				GCC_DYNAMIC_NO_PIC = NO;
				GCC_OPTIMIZATION_LEVEL = 0;
				GCC_PREPROCESSOR_DEFINITIONS = (
					"DEBUG=1",
					"$(inherited)",
				);
				GCC_SYMBOLS_PRIVATE_EXTERN = NO;
				GCC_WARN_ABOUT_RETURN_TYPE = YES_ERROR;
				GCC_WARN_UNDECLARED_SELECTOR = YES;
				GCC_WARN_UNINITIALIZED_AUTOS = YES;
				GCC_WARN_UNUSED_FUNCTION = YES;
				GCC_WARN_UNUSED_VARIABLE = YES;
				IPHONEOS_DEPLOYMENT_TARGET = 7.0;
				ONLY_ACTIVE_ARCH = YES;
				SDKROOT = iphoneos;
			};
			name = Debug;
		};
		94C0CB6217DAE870002CBD10 /* Release */ = {
			isa = XCBuildConfiguration;
			buildSettings = {
				ALWAYS_SEARCH_USER_PATHS = NO;
				CLANG_CXX_LANGUAGE_STANDARD = "gnu++0x";
				CLANG_CXX_LIBRARY = "libc++";
				CLANG_ENABLE_MODULES = YES;
				CLANG_ENABLE_OBJC_ARC = YES;
				CLANG_WARN_BOOL_CONVERSION = YES;
				CLANG_WARN_CONSTANT_CONVERSION = YES;
				CLANG_WARN_DIRECT_OBJC_ISA_USAGE = YES_ERROR;
				CLANG_WARN_EMPTY_BODY = YES;
				CLANG_WARN_ENUM_CONVERSION = YES;
				CLANG_WARN_INT_CONVERSION = YES;
				CLANG_WARN_OBJC_ROOT_CLASS = YES_ERROR;
				CLANG_WARN__DUPLICATE_METHOD_MATCH = YES;
				"CODE_SIGN_IDENTITY[sdk=iphoneos*]" = "iPhone Developer";
				COPY_PHASE_STRIP = YES;
				ENABLE_NS_ASSERTIONS = NO;
				GCC_C_LANGUAGE_STANDARD = gnu99;
				GCC_WARN_ABOUT_RETURN_TYPE = YES_ERROR;
				GCC_WARN_UNDECLARED_SELECTOR = YES;
				GCC_WARN_UNINITIALIZED_AUTOS = YES;
				GCC_WARN_UNUSED_FUNCTION = YES;
				GCC_WARN_UNUSED_VARIABLE = YES;
				IPHONEOS_DEPLOYMENT_TARGET = 7.0;
				SDKROOT = iphoneos;
				VALIDATE_PRODUCT = YES;
			};
			name = Release;
		};
		94C0CB6417DAE870002CBD10 /* Debug */ = {
			isa = XCBuildConfiguration;
			buildSettings = {
				ASSETCATALOG_COMPILER_APPICON_NAME = AppIcon;
				ASSETCATALOG_COMPILER_LAUNCHIMAGE_NAME = LaunchImage;
				GCC_PRECOMPILE_PREFIX_HEADER = YES;
				GCC_PREFIX_HEADER = "UIActionSheetBlocks/UIActionSheetBlocks-Prefix.pch";
				INFOPLIST_FILE = "UIActionSheetBlocks/UIActionSheetBlocks-Info.plist";
				IPHONEOS_DEPLOYMENT_TARGET = 4.3;
				PRODUCT_NAME = "$(TARGET_NAME)";
				WRAPPER_EXTENSION = app;
			};
			name = Debug;
		};
		94C0CB6517DAE870002CBD10 /* Release */ = {
			isa = XCBuildConfiguration;
			buildSettings = {
				ASSETCATALOG_COMPILER_APPICON_NAME = AppIcon;
				ASSETCATALOG_COMPILER_LAUNCHIMAGE_NAME = LaunchImage;
				GCC_PRECOMPILE_PREFIX_HEADER = YES;
				GCC_PREFIX_HEADER = "UIActionSheetBlocks/UIActionSheetBlocks-Prefix.pch";
				INFOPLIST_FILE = "UIActionSheetBlocks/UIActionSheetBlocks-Info.plist";
				IPHONEOS_DEPLOYMENT_TARGET = 4.3;
				PRODUCT_NAME = "$(TARGET_NAME)";
				WRAPPER_EXTENSION = app;
			};
			name = Release;
		};
		94C0CB6717DAE870002CBD10 /* Debug */ = {
			isa = XCBuildConfiguration;
			buildSettings = {
				BUNDLE_LOADER = "$(BUILT_PRODUCTS_DIR)/UIActionSheetBlocks.app/UIActionSheetBlocks";
				FRAMEWORK_SEARCH_PATHS = (
					"$(SDKROOT)/Developer/Library/Frameworks",
					"$(inherited)",
					"$(DEVELOPER_FRAMEWORKS_DIR)",
				);
				GCC_PRECOMPILE_PREFIX_HEADER = YES;
				GCC_PREFIX_HEADER = "UIActionSheetBlocks/UIActionSheetBlocks-Prefix.pch";
				GCC_PREPROCESSOR_DEFINITIONS = (
					"DEBUG=1",
					"$(inherited)",
				);
				INFOPLIST_FILE = "UIActionSheetBlocksTests/UIActionSheetBlocksTests-Info.plist";
				PRODUCT_NAME = "$(TARGET_NAME)";
				TEST_HOST = "$(BUNDLE_LOADER)";
				WRAPPER_EXTENSION = xctest;
			};
			name = Debug;
		};
		94C0CB6817DAE870002CBD10 /* Release */ = {
			isa = XCBuildConfiguration;
			buildSettings = {
				BUNDLE_LOADER = "$(BUILT_PRODUCTS_DIR)/UIActionSheetBlocks.app/UIActionSheetBlocks";
				FRAMEWORK_SEARCH_PATHS = (
					"$(SDKROOT)/Developer/Library/Frameworks",
					"$(inherited)",
					"$(DEVELOPER_FRAMEWORKS_DIR)",
				);
				GCC_PRECOMPILE_PREFIX_HEADER = YES;
				GCC_PREFIX_HEADER = "UIActionSheetBlocks/UIActionSheetBlocks-Prefix.pch";
				INFOPLIST_FILE = "UIActionSheetBlocksTests/UIActionSheetBlocksTests-Info.plist";
				PRODUCT_NAME = "$(TARGET_NAME)";
				TEST_HOST = "$(BUNDLE_LOADER)";
				WRAPPER_EXTENSION = xctest;
			};
			name = Release;
		};
/* End XCBuildConfiguration section */

/* Begin XCConfigurationList section */
		94C0CB3217DAE86F002CBD10 /* Build configuration list for PBXProject "UIActionSheetBlocks" */ = {
			isa = XCConfigurationList;
			buildConfigurations = (
				94C0CB6117DAE870002CBD10 /* Debug */,
				94C0CB6217DAE870002CBD10 /* Release */,
			);
			defaultConfigurationIsVisible = 0;
			defaultConfigurationName = Release;
		};
		94C0CB6317DAE870002CBD10 /* Build configuration list for PBXNativeTarget "UIActionSheetBlocks" */ = {
			isa = XCConfigurationList;
			buildConfigurations = (
				94C0CB6417DAE870002CBD10 /* Debug */,
				94C0CB6517DAE870002CBD10 /* Release */,
			);
			defaultConfigurationIsVisible = 0;
			defaultConfigurationName = Release;
		};
		94C0CB6617DAE870002CBD10 /* Build configuration list for PBXNativeTarget "UIActionSheetBlocksTests" */ = {
			isa = XCConfigurationList;
			buildConfigurations = (
				94C0CB6717DAE870002CBD10 /* Debug */,
				94C0CB6817DAE870002CBD10 /* Release */,
			);
			defaultConfigurationIsVisible = 0;
			defaultConfigurationName = Release;
		};
/* End XCConfigurationList section */
	};
	rootObject = 94C0CB2F17DAE86F002CBD10 /* Project object */;
}
